
Microsoft Visual Studio Solution File, Format Version 12.00
# Visual Studio Version 17
VisualStudioVersion = 17.0.31919.166
MinimumVisualStudioVersion = 10.0.40219.1
Project("{FAE04EC0-301F-11D3-BF4B-00C04F79EFBC}") = "PictureBoxControl", "PictureBoxControl.csproj", "{A5AF0B20-CD47-4B99-8A86-8977BD30128E}"
EndProject
Global
	GlobalSection(SolutionConfigurationPlatforms) = preSolution
		Debug|Any CPU = Debug|Any CPU
		Release|Any CPU = Release|Any CPU
	EndGlobalSection
	GlobalSection(ProjectConfigurationPlatforms) = postSolution
		{A5AF0B20-CD47-4B99-8A86-8977BD30128E}.Debug|Any CPU.ActiveCfg = Debug|Any CPU
		{A5AF0B20-CD47-4B99-8A86-8977BD30128E}.Debug|Any CPU.Build.0 = Debug|Any CPU
		{A5AF0B20-CD47-4B99-8A86-8977BD30128E}.Release|Any CPU.ActiveCfg = Release|Any CPU
		{A5AF0B20-CD47-4B99-8A86-8977BD30128E}.Release|Any CPU.Build.0 = Release|Any CPU
	EndGlobalSection
	GlobalSection(SolutionProperties) = preSolution
		HideSolutionNode = FALSE
	EndGlobalSection
	GlobalSection(ExtensibilityGlobals) = postSolution
		SolutionGuid = {42BB4244-955E-4B2C-8124-40CD5DBAB4DD}
	EndGlobalSection
EndGlobal
